// !$*UTF8*$!
{
	archiveVersion = 1;
	classes = {
	};
	objectVersion = 56;
	objects = {

/* Begin PBXBuildFile section */
		B327F6592B9600DB003ECB20 /* shopyApp.swift in Sources */ = {isa = PBXBuildFile; fileRef = B327F6582B9600DB003ECB20 /* shopyApp.swift */; };
		B327F65B2B9600DB003ECB20 /* ContentView.swift in Sources */ = {isa = PBXBuildFile; fileRef = B327F65A2B9600DB003ECB20 /* ContentView.swift */; };
		B327F65D2B9600DD003ECB20 /* Assets.xcassets in Resources */ = {isa = PBXBuildFile; fileRef = B327F65C2B9600DD003ECB20 /* Assets.xcassets */; };
		B327F6602B9600DD003ECB20 /* Preview Assets.xcassets in Resources */ = {isa = PBXBuildFile; fileRef = B327F65F2B9600DD003ECB20 /* Preview Assets.xcassets */; };
		B327F66A2B9600DD003ECB20 /* shopyTests.swift in Sources */ = {isa = PBXBuildFile; fileRef = B327F6692B9600DD003ECB20 /* shopyTests.swift */; };
		B327F6742B9600DD003ECB20 /* shopyUITests.swift in Sources */ = {isa = PBXBuildFile; fileRef = B327F6732B9600DD003ECB20 /* shopyUITests.swift */; };
		B327F6762B9600DD003ECB20 /* shopyUITestsLaunchTests.swift in Sources */ = {isa = PBXBuildFile; fileRef = B327F6752B9600DD003ECB20 /* shopyUITestsLaunchTests.swift */; };
		B36D815E2B9B73E000BC5442 /* LoadingView.swift in Sources */ = {isa = PBXBuildFile; fileRef = B36D815D2B9B73E000BC5442 /* LoadingView.swift */; };
		B3A0AE1C2B963688002C4A0F /* Product.swift in Sources */ = {isa = PBXBuildFile; fileRef = B3A0AE1B2B963688002C4A0F /* Product.swift */; };
		B3A0AE1E2B963693002C4A0F /* User.swift in Sources */ = {isa = PBXBuildFile; fileRef = B3A0AE1D2B963693002C4A0F /* User.swift */; };
		B3A0AE202B9636A4002C4A0F /* Order.swift in Sources */ = {isa = PBXBuildFile; fileRef = B3A0AE1F2B9636A4002C4A0F /* Order.swift */; };
		B3A0AE222B96375E002C4A0F /* Category.swift in Sources */ = {isa = PBXBuildFile; fileRef = B3A0AE212B96375E002C4A0F /* Category.swift */; };
		B3A0AE242B963854002C4A0F /* ProductListViewModel.swift in Sources */ = {isa = PBXBuildFile; fileRef = B3A0AE232B963854002C4A0F /* ProductListViewModel.swift */; };
		B3A0AE262B963876002C4A0F /* HomeView.swift in Sources */ = {isa = PBXBuildFile; fileRef = B3A0AE252B963876002C4A0F /* HomeView.swift */; };
		B3A0AE282B96388C002C4A0F /* ProductRow.swift in Sources */ = {isa = PBXBuildFile; fileRef = B3A0AE272B96388C002C4A0F /* ProductRow.swift */; };
		B3A0AE2D2B965BF9002C4A0F /* Color+Extensions.swift in Sources */ = {isa = PBXBuildFile; fileRef = B3A0AE2C2B965BF9002C4A0F /* Color+Extensions.swift */; };
		B3A0AE2F2B965D23002C4A0F /* ProductCard.swift in Sources */ = {isa = PBXBuildFile; fileRef = B3A0AE2E2B965D23002C4A0F /* ProductCard.swift */; };
		B3A0AE312B96ADEF002C4A0F /* ProductDetailView.swift in Sources */ = {isa = PBXBuildFile; fileRef = B3A0AE302B96ADEF002C4A0F /* ProductDetailView.swift */; };
		B3BB66132B98B75F000A44DF /* CartItem.swift in Sources */ = {isa = PBXBuildFile; fileRef = B3BB66122B98B75F000A44DF /* CartItem.swift */; };
		B3BB66162B98B7E3000A44DF /* CartManager.swift in Sources */ = {isa = PBXBuildFile; fileRef = B3BB66152B98B7E3000A44DF /* CartManager.swift */; };
		B3BB66182B98BA00000A44DF /* CartView.swift in Sources */ = {isa = PBXBuildFile; fileRef = B3BB66172B98BA00000A44DF /* CartView.swift */; };
		B3BB661F2B9945DF000A44DF /* CheckoutView.swift in Sources */ = {isa = PBXBuildFile; fileRef = B3BB661E2B9945DF000A44DF /* CheckoutView.swift */; };
/* End PBXBuildFile section */

/* Begin PBXContainerItemProxy section */
		B327F6662B9600DD003ECB20 /* PBXContainerItemProxy */ = {
			isa = PBXContainerItemProxy;
			containerPortal = B327F64D2B9600DB003ECB20 /* Project object */;
			proxyType = 1;
			remoteGlobalIDString = B327F6542B9600DB003ECB20;
			remoteInfo = shopy;
		};
		B327F6702B9600DD003ECB20 /* PBXContainerItemProxy */ = {
			isa = PBXContainerItemProxy;
			containerPortal = B327F64D2B9600DB003ECB20 /* Project object */;
			proxyType = 1;
			remoteGlobalIDString = B327F6542B9600DB003ECB20;
			remoteInfo = shopy;
		};
/* End PBXContainerItemProxy section */

/* Begin PBXFileReference section */
		B327F6552B9600DB003ECB20 /* shopy.app */ = {isa = PBXFileReference; explicitFileType = wrapper.application; includeInIndex = 0; path = shopy.app; sourceTree = BUILT_PRODUCTS_DIR; };
		B327F6582B9600DB003ECB20 /* shopyApp.swift */ = {isa = PBXFileReference; lastKnownFileType = sourcecode.swift; path = shopyApp.swift; sourceTree = "<group>"; };
		B327F65A2B9600DB003ECB20 /* ContentView.swift */ = {isa = PBXFileReference; lastKnownFileType = sourcecode.swift; path = ContentView.swift; sourceTree = "<group>"; };
		B327F65C2B9600DD003ECB20 /* Assets.xcassets */ = {isa = PBXFileReference; lastKnownFileType = folder.assetcatalog; path = Assets.xcassets; sourceTree = "<group>"; };
		B327F65F2B9600DD003ECB20 /* Preview Assets.xcassets */ = {isa = PBXFileReference; lastKnownFileType = folder.assetcatalog; path = "Preview Assets.xcassets"; sourceTree = "<group>"; };
		B327F6652B9600DD003ECB20 /* shopyTests.xctest */ = {isa = PBXFileReference; explicitFileType = wrapper.cfbundle; includeInIndex = 0; path = shopyTests.xctest; sourceTree = BUILT_PRODUCTS_DIR; };
		B327F6692B9600DD003ECB20 /* shopyTests.swift */ = {isa = PBXFileReference; lastKnownFileType = sourcecode.swift; path = shopyTests.swift; sourceTree = "<group>"; };
		B327F66F2B9600DD003ECB20 /* shopyUITests.xctest */ = {isa = PBXFileReference; explicitFileType = wrapper.cfbundle; includeInIndex = 0; path = shopyUITests.xctest; sourceTree = BUILT_PRODUCTS_DIR; };
		B327F6732B9600DD003ECB20 /* shopyUITests.swift */ = {isa = PBXFileReference; lastKnownFileType = sourcecode.swift; path = shopyUITests.swift; sourceTree = "<group>"; };
		B327F6752B9600DD003ECB20 /* shopyUITestsLaunchTests.swift */ = {isa = PBXFileReference; lastKnownFileType = sourcecode.swift; path = shopyUITestsLaunchTests.swift; sourceTree = "<group>"; };
		B36D815D2B9B73E000BC5442 /* LoadingView.swift */ = {isa = PBXFileReference; lastKnownFileType = sourcecode.swift; path = LoadingView.swift; sourceTree = "<group>"; };
		B3A0AE1B2B963688002C4A0F /* Product.swift */ = {isa = PBXFileReference; lastKnownFileType = sourcecode.swift; path = Product.swift; sourceTree = "<group>"; };
		B3A0AE1D2B963693002C4A0F /* User.swift */ = {isa = PBXFileReference; lastKnownFileType = sourcecode.swift; path = User.swift; sourceTree = "<group>"; };
		B3A0AE1F2B9636A4002C4A0F /* Order.swift */ = {isa = PBXFileReference; lastKnownFileType = sourcecode.swift; path = Order.swift; sourceTree = "<group>"; };
		B3A0AE212B96375E002C4A0F /* Category.swift */ = {isa = PBXFileReference; lastKnownFileType = sourcecode.swift; path = Category.swift; sourceTree = "<group>"; };
		B3A0AE232B963854002C4A0F /* ProductListViewModel.swift */ = {isa = PBXFileReference; lastKnownFileType = sourcecode.swift; path = ProductListViewModel.swift; sourceTree = "<group>"; };
		B3A0AE252B963876002C4A0F /* HomeView.swift */ = {isa = PBXFileReference; lastKnownFileType = sourcecode.swift; path = HomeView.swift; sourceTree = "<group>"; };
		B3A0AE272B96388C002C4A0F /* ProductRow.swift */ = {isa = PBXFileReference; lastKnownFileType = sourcecode.swift; path = ProductRow.swift; sourceTree = "<group>"; };
		B3A0AE2C2B965BF9002C4A0F /* Color+Extensions.swift */ = {isa = PBXFileReference; lastKnownFileType = sourcecode.swift; path = "Color+Extensions.swift"; sourceTree = "<group>"; };
		B3A0AE2E2B965D23002C4A0F /* ProductCard.swift */ = {isa = PBXFileReference; lastKnownFileType = sourcecode.swift; path = ProductCard.swift; sourceTree = "<group>"; };
		B3A0AE302B96ADEF002C4A0F /* ProductDetailView.swift */ = {isa = PBXFileReference; lastKnownFileType = sourcecode.swift; path = ProductDetailView.swift; sourceTree = "<group>"; };
		B3BB66122B98B75F000A44DF /* CartItem.swift */ = {isa = PBXFileReference; lastKnownFileType = sourcecode.swift; path = CartItem.swift; sourceTree = "<group>"; };
		B3BB66152B98B7E3000A44DF /* CartManager.swift */ = {isa = PBXFileReference; lastKnownFileType = sourcecode.swift; path = CartManager.swift; sourceTree = "<group>"; };
		B3BB66172B98BA00000A44DF /* CartView.swift */ = {isa = PBXFileReference; lastKnownFileType = sourcecode.swift; path = CartView.swift; sourceTree = "<group>"; };
		B3BB661E2B9945DF000A44DF /* CheckoutView.swift */ = {isa = PBXFileReference; lastKnownFileType = sourcecode.swift; path = CheckoutView.swift; sourceTree = "<group>"; };
/* End PBXFileReference section */

/* Begin PBXFrameworksBuildPhase section */
		B327F6522B9600DB003ECB20 /* Frameworks */ = {
			isa = PBXFrameworksBuildPhase;
			buildActionMask = 2147483647;
			files = (
			);
			runOnlyForDeploymentPostprocessing = 0;
		};
		B327F6622B9600DD003ECB20 /* Frameworks */ = {
			isa = PBXFrameworksBuildPhase;
			buildActionMask = 2147483647;
			files = (
			);
			runOnlyForDeploymentPostprocessing = 0;
		};
		B327F66C2B9600DD003ECB20 /* Frameworks */ = {
			isa = PBXFrameworksBuildPhase;
			buildActionMask = 2147483647;
			files = (
			);
			runOnlyForDeploymentPostprocessing = 0;
		};
/* End PBXFrameworksBuildPhase section */

/* Begin PBXGroup section */
		B327F64C2B9600DB003ECB20 = {
			isa = PBXGroup;
			children = (
				B327F6572B9600DB003ECB20 /* shopy */,
				B327F6682B9600DD003ECB20 /* shopyTests */,
				B327F6722B9600DD003ECB20 /* shopyUITests */,
				B327F6562B9600DB003ECB20 /* Products */,
			);
			sourceTree = "<group>";
		};
		B327F6562B9600DB003ECB20 /* Products */ = {
			isa = PBXGroup;
			children = (
				B327F6552B9600DB003ECB20 /* shopy.app */,
				B327F6652B9600DD003ECB20 /* shopyTests.xctest */,
				B327F66F2B9600DD003ECB20 /* shopyUITests.xctest */,
			);
			name = Products;
			sourceTree = "<group>";
		};
		B327F6572B9600DB003ECB20 /* shopy */ = {
			isa = PBXGroup;
			children = (
				B3BB66192B98BE24000A44DF /* ViewModifiers */,
				B3BB66142B98B7D2000A44DF /* Managers */,
				B3A0AE292B965B46002C4A0F /* Utilities */,
				B3A0AE1A2B963678002C4A0F /* Models */,
				B3A0AE182B963662002C4A0F /* ViewModels */,
				B3A0AE122B963632002C4A0F /* Views */,
				B327F6582B9600DB003ECB20 /* shopyApp.swift */,
				B327F65A2B9600DB003ECB20 /* ContentView.swift */,
				B327F65C2B9600DD003ECB20 /* Assets.xcassets */,
				B327F65E2B9600DD003ECB20 /* Preview Content */,
			);
			path = shopy;
			sourceTree = "<group>";
		};
		B327F65E2B9600DD003ECB20 /* Preview Content */ = {
			isa = PBXGroup;
			children = (
				B327F65F2B9600DD003ECB20 /* Preview Assets.xcassets */,
			);
			path = "Preview Content";
			sourceTree = "<group>";
		};
		B327F6682B9600DD003ECB20 /* shopyTests */ = {
			isa = PBXGroup;
			children = (
				B327F6692B9600DD003ECB20 /* shopyTests.swift */,
			);
			path = shopyTests;
			sourceTree = "<group>";
		};
		B327F6722B9600DD003ECB20 /* shopyUITests */ = {
			isa = PBXGroup;
			children = (
				B327F6732B9600DD003ECB20 /* shopyUITests.swift */,
				B327F6752B9600DD003ECB20 /* shopyUITestsLaunchTests.swift */,
			);
			path = shopyUITests;
			sourceTree = "<group>";
		};
		B3A0AE122B963632002C4A0F /* Views */ = {
			isa = PBXGroup;
			children = (
				B3BB661D2B9945D2000A44DF /* Checkout */,
				B3A0AE172B963659002C4A0F /* Common */,
				B3A0AE162B963655002C4A0F /* Cart */,
				B3A0AE152B963650002C4A0F /* User */,
				B3A0AE142B963642002C4A0F /* ProductDetail */,
				B3A0AE132B963639002C4A0F /* Home */,
			);
			path = Views;
			sourceTree = "<group>";
		};
		B3A0AE132B963639002C4A0F /* Home */ = {
			isa = PBXGroup;
			children = (
				B3A0AE252B963876002C4A0F /* HomeView.swift */,
				B3A0AE272B96388C002C4A0F /* ProductRow.swift */,
				B3A0AE2E2B965D23002C4A0F /* ProductCard.swift */,
				B3A0AE302B96ADEF002C4A0F /* ProductDetailView.swift */,
			);
			path = Home;
			sourceTree = "<group>";
		};
		B3A0AE142B963642002C4A0F /* ProductDetail */ = {
			isa = PBXGroup;
			children = (
			);
			path = ProductDetail;
			sourceTree = "<group>";
		};
		B3A0AE152B963650002C4A0F /* User */ = {
			isa = PBXGroup;
			children = (
			);
			path = User;
			sourceTree = "<group>";
		};
		B3A0AE162B963655002C4A0F /* Cart */ = {
			isa = PBXGroup;
			children = (
				B3BB66172B98BA00000A44DF /* CartView.swift */,
			);
			path = Cart;
			sourceTree = "<group>";
		};
		B3A0AE172B963659002C4A0F /* Common */ = {
			isa = PBXGroup;
			children = (
				B36D815D2B9B73E000BC5442 /* LoadingView.swift */,
			);
			path = Common;
			sourceTree = "<group>";
		};
		B3A0AE182B963662002C4A0F /* ViewModels */ = {
			isa = PBXGroup;
			children = (
				B3A0AE232B963854002C4A0F /* ProductListViewModel.swift */,
			);
			path = ViewModels;
			sourceTree = "<group>";
		};
		B3A0AE1A2B963678002C4A0F /* Models */ = {
			isa = PBXGroup;
			children = (
				B3A0AE1B2B963688002C4A0F /* Product.swift */,
				B3A0AE1D2B963693002C4A0F /* User.swift */,
				B3A0AE1F2B9636A4002C4A0F /* Order.swift */,
				B3A0AE212B96375E002C4A0F /* Category.swift */,
				B3BB66122B98B75F000A44DF /* CartItem.swift */,
			);
			path = Models;
			sourceTree = "<group>";
		};
		B3A0AE292B965B46002C4A0F /* Utilities */ = {
			isa = PBXGroup;
			children = (
				B3A0AE2B2B965BB6002C4A0F /* Extensions */,
			);
			path = Utilities;
			sourceTree = "<group>";
		};
		B3A0AE2B2B965BB6002C4A0F /* Extensions */ = {
			isa = PBXGroup;
			children = (
				B3A0AE2C2B965BF9002C4A0F /* Color+Extensions.swift */,
			);
			path = Extensions;
			sourceTree = "<group>";
		};
		B3BB66142B98B7D2000A44DF /* Managers */ = {
			isa = PBXGroup;
			children = (
				B3BB66152B98B7E3000A44DF /* CartManager.swift */,
			);
			path = Managers;
			sourceTree = "<group>";
		};
		B3BB66192B98BE24000A44DF /* ViewModifiers */ = {
			isa = PBXGroup;
			children = (
			);
			path = ViewModifiers;
			sourceTree = "<group>";
		};
		B3BB661D2B9945D2000A44DF /* Checkout */ = {
			isa = PBXGroup;
			children = (
				B3BB661E2B9945DF000A44DF /* CheckoutView.swift */,
			);
			path = Checkout;
			sourceTree = "<group>";
		};
/* End PBXGroup section */

/* Begin PBXNativeTarget section */
		B327F6542B9600DB003ECB20 /* shopy */ = {
			isa = PBXNativeTarget;
			buildConfigurationList = B327F6792B9600DD003ECB20 /* Build configuration list for PBXNativeTarget "shopy" */;
			buildPhases = (
				B327F6512B9600DB003ECB20 /* Sources */,
				B327F6522B9600DB003ECB20 /* Frameworks */,
				B327F6532B9600DB003ECB20 /* Resources */,
			);
			buildRules = (
			);
			dependencies = (
			);
			name = shopy;
			productName = shopy;
			productReference = B327F6552B9600DB003ECB20 /* shopy.app */;
			productType = "com.apple.product-type.application";
		};
		B327F6642B9600DD003ECB20 /* shopyTests */ = {
			isa = PBXNativeTarget;
			buildConfigurationList = B327F67C2B9600DD003ECB20 /* Build configuration list for PBXNativeTarget "shopyTests" */;
			buildPhases = (
				B327F6612B9600DD003ECB20 /* Sources */,
				B327F6622B9600DD003ECB20 /* Frameworks */,
				B327F6632B9600DD003ECB20 /* Resources */,
			);
			buildRules = (
			);
			dependencies = (
				B327F6672B9600DD003ECB20 /* PBXTargetDependency */,
			);
			name = shopyTests;
			productName = shopyTests;
			productReference = B327F6652B9600DD003ECB20 /* shopyTests.xctest */;
			productType = "com.apple.product-type.bundle.unit-test";
		};
		B327F66E2B9600DD003ECB20 /* shopyUITests */ = {
			isa = PBXNativeTarget;
			buildConfigurationList = B327F67F2B9600DD003ECB20 /* Build configuration list for PBXNativeTarget "shopyUITests" */;
			buildPhases = (
				B327F66B2B9600DD003ECB20 /* Sources */,
				B327F66C2B9600DD003ECB20 /* Frameworks */,
				B327F66D2B9600DD003ECB20 /* Resources */,
			);
			buildRules = (
			);
			dependencies = (
				B327F6712B9600DD003ECB20 /* PBXTargetDependency */,
			);
			name = shopyUITests;
			productName = shopyUITests;
			productReference = B327F66F2B9600DD003ECB20 /* shopyUITests.xctest */;
			productType = "com.apple.product-type.bundle.ui-testing";
		};
/* End PBXNativeTarget section */

/* Begin PBXProject section */
		B327F64D2B9600DB003ECB20 /* Project object */ = {
			isa = PBXProject;
			attributes = {
				BuildIndependentTargetsInParallel = 1;
				LastSwiftUpdateCheck = 1520;
				LastUpgradeCheck = 1520;
				TargetAttributes = {
					B327F6542B9600DB003ECB20 = {
						CreatedOnToolsVersion = 15.2;
					};
					B327F6642B9600DD003ECB20 = {
						CreatedOnToolsVersion = 15.2;
						TestTargetID = B327F6542B9600DB003ECB20;
					};
					B327F66E2B9600DD003ECB20 = {
						CreatedOnToolsVersion = 15.2;
						TestTargetID = B327F6542B9600DB003ECB20;
					};
				};
			};
			buildConfigurationList = B327F6502B9600DB003ECB20 /* Build configuration list for PBXProject "shopy" */;
			compatibilityVersion = "Xcode 14.0";
			developmentRegion = en;
			hasScannedForEncodings = 0;
			knownRegions = (
				en,
				Base,
			);
			mainGroup = B327F64C2B9600DB003ECB20;
			productRefGroup = B327F6562B9600DB003ECB20 /* Products */;
			projectDirPath = "";
			projectRoot = "";
			targets = (
				B327F6542B9600DB003ECB20 /* shopy */,
				B327F6642B9600DD003ECB20 /* shopyTests */,
				B327F66E2B9600DD003ECB20 /* shopyUITests */,
			);
		};
/* End PBXProject section */

/* Begin PBXResourcesBuildPhase section */
		B327F6532B9600DB003ECB20 /* Resources */ = {
			isa = PBXResourcesBuildPhase;
			buildActionMask = 2147483647;
			files = (
				B327F6602B9600DD003ECB20 /* Preview Assets.xcassets in Resources */,
				B327F65D2B9600DD003ECB20 /* Assets.xcassets in Resources */,
			);
			runOnlyForDeploymentPostprocessing = 0;
		};
		B327F6632B9600DD003ECB20 /* Resources */ = {
			isa = PBXResourcesBuildPhase;
			buildActionMask = 2147483647;
			files = (
			);
			runOnlyForDeploymentPostprocessing = 0;
		};
		B327F66D2B9600DD003ECB20 /* Resources */ = {
			isa = PBXResourcesBuildPhase;
			buildActionMask = 2147483647;
			files = (
			);
			runOnlyForDeploymentPostprocessing = 0;
		};
/* End PBXResourcesBuildPhase section */

/* Begin PBXSourcesBuildPhase section */
		B327F6512B9600DB003ECB20 /* Sources */ = {
			isa = PBXSourcesBuildPhase;
			buildActionMask = 2147483647;
			files = (
				B3BB66182B98BA00000A44DF /* CartView.swift in Sources */,
				B3A0AE1E2B963693002C4A0F /* User.swift in Sources */,
				B327F65B2B9600DB003ECB20 /* ContentView.swift in Sources */,
				B3A0AE202B9636A4002C4A0F /* Order.swift in Sources */,
				B36D815E2B9B73E000BC5442 /* LoadingView.swift in Sources */,
				B3A0AE242B963854002C4A0F /* ProductListViewModel.swift in Sources */,
				B327F6592B9600DB003ECB20 /* shopyApp.swift in Sources */,
				B3A0AE312B96ADEF002C4A0F /* ProductDetailView.swift in Sources */,
				B3A0AE2D2B965BF9002C4A0F /* Color+Extensions.swift in Sources */,
				B3A0AE262B963876002C4A0F /* HomeView.swift in Sources */,
				B3A0AE1C2B963688002C4A0F /* Product.swift in Sources */,
				B3BB66162B98B7E3000A44DF /* CartManager.swift in Sources */,
				B3A0AE222B96375E002C4A0F /* Category.swift in Sources */,
				B3A0AE282B96388C002C4A0F /* ProductRow.swift in Sources */,
				B3BB66132B98B75F000A44DF /* CartItem.swift in Sources */,
				B3BB661F2B9945DF000A44DF /* CheckoutView.swift in Sources */,
				B3A0AE2F2B965D23002C4A0F /* ProductCard.swift in Sources */,
			);
			runOnlyForDeploymentPostprocessing = 0;
		};
		B327F6612B9600DD003ECB20 /* Sources */ = {
			isa = PBXSourcesBuildPhase;
			buildActionMask = 2147483647;
			files = (
				B327F66A2B9600DD003ECB20 /* shopyTests.swift in Sources */,
			);
			runOnlyForDeploymentPostprocessing = 0;
		};
		B327F66B2B9600DD003ECB20 /* Sources */ = {
			isa = PBXSourcesBuildPhase;
			buildActionMask = 2147483647;
			files = (
				B327F6762B9600DD003ECB20 /* shopyUITestsLaunchTests.swift in Sources */,
				B327F6742B9600DD003ECB20 /* shopyUITests.swift in Sources */,
			);
			runOnlyForDeploymentPostprocessing = 0;
		};
/* End PBXSourcesBuildPhase section */

/* Begin PBXTargetDependency section */
		B327F6672B9600DD003ECB20 /* PBXTargetDependency */ = {
			isa = PBXTargetDependency;
			target = B327F6542B9600DB003ECB20 /* shopy */;
			targetProxy = B327F6662B9600DD003ECB20 /* PBXContainerItemProxy */;
		};
		B327F6712B9600DD003ECB20 /* PBXTargetDependency */ = {
			isa = PBXTargetDependency;
			target = B327F6542B9600DB003ECB20 /* shopy */;
			targetProxy = B327F6702B9600DD003ECB20 /* PBXContainerItemProxy */;
		};
/* End PBXTargetDependency section */

/* Begin XCBuildConfiguration section */
		B327F6772B9600DD003ECB20 /* Debug */ = {
			isa = XCBuildConfiguration;
			buildSettings = {
				ALWAYS_SEARCH_USER_PATHS = NO;
				ASSETCATALOG_COMPILER_GENERATE_SWIFT_ASSET_SYMBOL_EXTENSIONS = YES;
				CLANG_ANALYZER_NONNULL = YES;
				CLANG_ANALYZER_NUMBER_OBJECT_CONVERSION = YES_AGGRESSIVE;
				CLANG_CXX_LANGUAGE_STANDARD = "gnu++20";
				CLANG_ENABLE_MODULES = YES;
				CLANG_ENABLE_OBJC_ARC = YES;
				CLANG_ENABLE_OBJC_WEAK = YES;
				CLANG_WARN_BLOCK_CAPTURE_AUTORELEASING = YES;
				CLANG_WARN_BOOL_CONVERSION = YES;
				CLANG_WARN_COMMA = YES;
				CLANG_WARN_CONSTANT_CONVERSION = YES;
				CLANG_WARN_DEPRECATED_OBJC_IMPLEMENTATIONS = YES;
				CLANG_WARN_DIRECT_OBJC_ISA_USAGE = YES_ERROR;
				CLANG_WARN_DOCUMENTATION_COMMENTS = YES;
				CLANG_WARN_EMPTY_BODY = YES;
				CLANG_WARN_ENUM_CONVERSION = YES;
				CLANG_WARN_INFINITE_RECURSION = YES;
				CLANG_WARN_INT_CONVERSION = YES;
				CLANG_WARN_NON_LITERAL_NULL_CONVERSION = YES;
				CLANG_WARN_OBJC_IMPLICIT_RETAIN_SELF = YES;
				CLANG_WARN_OBJC_LITERAL_CONVERSION = YES;
				CLANG_WARN_OBJC_ROOT_CLASS = YES_ERROR;
				CLANG_WARN_QUOTED_INCLUDE_IN_FRAMEWORK_HEADER = YES;
				CLANG_WARN_RANGE_LOOP_ANALYSIS = YES;
				CLANG_WARN_STRICT_PROTOTYPES = YES;
				CLANG_WARN_SUSPICIOUS_MOVE = YES;
				CLANG_WARN_UNGUARDED_AVAILABILITY = YES_AGGRESSIVE;
				CLANG_WARN_UNREACHABLE_CODE = YES;
				CLANG_WARN__DUPLICATE_METHOD_MATCH = YES;
				COPY_PHASE_STRIP = NO;
				DEBUG_INFORMATION_FORMAT = dwarf;
				ENABLE_STRICT_OBJC_MSGSEND = YES;
				ENABLE_TESTABILITY = YES;
				ENABLE_USER_SCRIPT_SANDBOXING = YES;
				GCC_C_LANGUAGE_STANDARD = gnu17;
				GCC_DYNAMIC_NO_PIC = NO;
				GCC_NO_COMMON_BLOCKS = YES;
				GCC_OPTIMIZATION_LEVEL = 0;
				GCC_PREPROCESSOR_DEFINITIONS = (
					"DEBUG=1",
					"$(inherited)",
				);
				GCC_WARN_64_TO_32_BIT_CONVERSION = YES;
				GCC_WARN_ABOUT_RETURN_TYPE = YES_ERROR;
				GCC_WARN_UNDECLARED_SELECTOR = YES;
				GCC_WARN_UNINITIALIZED_AUTOS = YES_AGGRESSIVE;
				GCC_WARN_UNUSED_FUNCTION = YES;
				GCC_WARN_UNUSED_VARIABLE = YES;
				IPHONEOS_DEPLOYMENT_TARGET = 17.2;
				LOCALIZATION_PREFERS_STRING_CATALOGS = YES;
				MTL_ENABLE_DEBUG_INFO = INCLUDE_SOURCE;
				MTL_FAST_MATH = YES;
				ONLY_ACTIVE_ARCH = YES;
				SDKROOT = iphoneos;
				SWIFT_ACTIVE_COMPILATION_CONDITIONS = "DEBUG $(inherited)";
				SWIFT_OPTIMIZATION_LEVEL = "-Onone";
			};
			name = Debug;
		};
		B327F6782B9600DD003ECB20 /* Release */ = {
			isa = XCBuildConfiguration;
			buildSettings = {
				ALWAYS_SEARCH_USER_PATHS = NO;
				ASSETCATALOG_COMPILER_GENERATE_SWIFT_ASSET_SYMBOL_EXTENSIONS = YES;
				CLANG_ANALYZER_NONNULL = YES;
				CLANG_ANALYZER_NUMBER_OBJECT_CONVERSION = YES_AGGRESSIVE;
				CLANG_CXX_LANGUAGE_STANDARD = "gnu++20";
				CLANG_ENABLE_MODULES = YES;
				CLANG_ENABLE_OBJC_ARC = YES;
				CLANG_ENABLE_OBJC_WEAK = YES;
				CLANG_WARN_BLOCK_CAPTURE_AUTORELEASING = YES;
				CLANG_WARN_BOOL_CONVERSION = YES;
				CLANG_WARN_COMMA = YES;
				CLANG_WARN_CONSTANT_CONVERSION = YES;
				CLANG_WARN_DEPRECATED_OBJC_IMPLEMENTATIONS = YES;
				CLANG_WARN_DIRECT_OBJC_ISA_USAGE = YES_ERROR;
				CLANG_WARN_DOCUMENTATION_COMMENTS = YES;
				CLANG_WARN_EMPTY_BODY = YES;
				CLANG_WARN_ENUM_CONVERSION = YES;
				CLANG_WARN_INFINITE_RECURSION = YES;
				CLANG_WARN_INT_CONVERSION = YES;
				CLANG_WARN_NON_LITERAL_NULL_CONVERSION = YES;
				CLANG_WARN_OBJC_IMPLICIT_RETAIN_SELF = YES;
				CLANG_WARN_OBJC_LITERAL_CONVERSION = YES;
				CLANG_WARN_OBJC_ROOT_CLASS = YES_ERROR;
				CLANG_WARN_QUOTED_INCLUDE_IN_FRAMEWORK_HEADER = YES;
				CLANG_WARN_RANGE_LOOP_ANALYSIS = YES;
				CLANG_WARN_STRICT_PROTOTYPES = YES;
				CLANG_WARN_SUSPICIOUS_MOVE = YES;
				CLANG_WARN_UNGUARDED_AVAILABILITY = YES_AGGRESSIVE;
				CLANG_WARN_UNREACHABLE_CODE = YES;
				CLANG_WARN__DUPLICATE_METHOD_MATCH = YES;
				COPY_PHASE_STRIP = NO;
				DEBUG_INFORMATION_FORMAT = "dwarf-with-dsym";
				ENABLE_NS_ASSERTIONS = NO;
				ENABLE_STRICT_OBJC_MSGSEND = YES;
				ENABLE_USER_SCRIPT_SANDBOXING = YES;
				GCC_C_LANGUAGE_STANDARD = gnu17;
				GCC_NO_COMMON_BLOCKS = YES;
				GCC_WARN_64_TO_32_BIT_CONVERSION = YES;
				GCC_WARN_ABOUT_RETURN_TYPE = YES_ERROR;
				GCC_WARN_UNDECLARED_SELECTOR = YES;
				GCC_WARN_UNINITIALIZED_AUTOS = YES_AGGRESSIVE;
				GCC_WARN_UNUSED_FUNCTION = YES;
				GCC_WARN_UNUSED_VARIABLE = YES;
				IPHONEOS_DEPLOYMENT_TARGET = 17.2;
				LOCALIZATION_PREFERS_STRING_CATALOGS = YES;
				MTL_ENABLE_DEBUG_INFO = NO;
				MTL_FAST_MATH = YES;
				SDKROOT = iphoneos;
				SWIFT_COMPILATION_MODE = wholemodule;
				VALIDATE_PRODUCT = YES;
			};
			name = Release;
		};
		B327F67A2B9600DD003ECB20 /* Debug */ = {
			isa = XCBuildConfiguration;
			buildSettings = {
				ASSETCATALOG_COMPILER_APPICON_NAME = AppIcon;
				ASSETCATALOG_COMPILER_GLOBAL_ACCENT_COLOR_NAME = AccentColor;
				CODE_SIGN_STYLE = Automatic;
				CURRENT_PROJECT_VERSION = 1;
				DEVELOPMENT_ASSET_PATHS = "\"shopy/Preview Content\"";
				DEVELOPMENT_TEAM = KW2RQ4R6VJ;
				ENABLE_PREVIEWS = YES;
				GENERATE_INFOPLIST_FILE = YES;
				INFOPLIST_KEY_UIApplicationSceneManifest_Generation = YES;
				INFOPLIST_KEY_UIApplicationSupportsIndirectInputEvents = YES;
				INFOPLIST_KEY_UILaunchScreen_Generation = YES;
				INFOPLIST_KEY_UISupportedInterfaceOrientations_iPad = "UIInterfaceOrientationPortrait UIInterfaceOrientationPortraitUpsideDown UIInterfaceOrientationLandscapeLeft UIInterfaceOrientationLandscapeRight";
				INFOPLIST_KEY_UISupportedInterfaceOrientations_iPhone = "UIInterfaceOrientationPortrait UIInterfaceOrientationLandscapeLeft UIInterfaceOrientationLandscapeRight";
				LD_RUNPATH_SEARCH_PATHS = (
					"$(inherited)",
					"@executable_path/Frameworks",
				);
				MARKETING_VERSION = 1.0;
				PRODUCT_BUNDLE_IDENTIFIER = dev24.shopy;
				PRODUCT_NAME = "$(TARGET_NAME)";
				SWIFT_EMIT_LOC_STRINGS = YES;
				SWIFT_VERSION = 5.0;
				TARGETED_DEVICE_FAMILY = "1,2";
			};
			name = Debug;
		};
		B327F67B2B9600DD003ECB20 /* Release */ = {
			isa = XCBuildConfiguration;
			buildSettings = {
				ASSETCATALOG_COMPILER_APPICON_NAME = AppIcon;
				ASSETCATALOG_COMPILER_GLOBAL_ACCENT_COLOR_NAME = AccentColor;
				CODE_SIGN_STYLE = Automatic;
				CURRENT_PROJECT_VERSION = 1;
				DEVELOPMENT_ASSET_PATHS = "\"shopy/Preview Content\"";
				DEVELOPMENT_TEAM = KW2RQ4R6VJ;
				ENABLE_PREVIEWS = YES;
				GENERATE_INFOPLIST_FILE = YES;
				INFOPLIST_KEY_UIApplicationSceneManifest_Generation = YES;
				INFOPLIST_KEY_UIApplicationSupportsIndirectInputEvents = YES;
				INFOPLIST_KEY_UILaunchScreen_Generation = YES;
				INFOPLIST_KEY_UISupportedInterfaceOrientations_iPad = "UIInterfaceOrientationPortrait UIInterfaceOrientationPortraitUpsideDown UIInterfaceOrientationLandscapeLeft UIInterfaceOrientationLandscapeRight";
				INFOPLIST_KEY_UISupportedInterfaceOrientations_iPhone = "UIInterfaceOrientationPortrait UIInterfaceOrientationLandscapeLeft UIInterfaceOrientationLandscapeRight";
				LD_RUNPATH_SEARCH_PATHS = (
					"$(inherited)",
					"@executable_path/Frameworks",
				);
				MARKETING_VERSION = 1.0;
				PRODUCT_BUNDLE_IDENTIFIER = dev24.shopy;
				PRODUCT_NAME = "$(TARGET_NAME)";
				SWIFT_EMIT_LOC_STRINGS = YES;
				SWIFT_VERSION = 5.0;
				TARGETED_DEVICE_FAMILY = "1,2";
			};
			name = Release;
		};
		B327F67D2B9600DD003ECB20 /* Debug */ = {
			isa = XCBuildConfiguration;
			buildSettings = {
				ALWAYS_EMBED_SWIFT_STANDARD_LIBRARIES = YES;
				BUNDLE_LOADER = "$(TEST_HOST)";
				CODE_SIGN_STYLE = Automatic;
				CURRENT_PROJECT_VERSION = 1;
				DEVELOPMENT_TEAM = KW2RQ4R6VJ;
				GENERATE_INFOPLIST_FILE = YES;
				IPHONEOS_DEPLOYMENT_TARGET = 17.2;
				MARKETING_VERSION = 1.0;
				PRODUCT_BUNDLE_IDENTIFIER = dev24.shopyTests;
				PRODUCT_NAME = "$(TARGET_NAME)";
				SWIFT_EMIT_LOC_STRINGS = NO;
				SWIFT_VERSION = 5.0;
				TARGETED_DEVICE_FAMILY = "1,2";
				TEST_HOST = "$(BUILT_PRODUCTS_DIR)/shopy.app/$(BUNDLE_EXECUTABLE_FOLDER_PATH)/shopy";
			};
			name = Debug;
		};
		B327F67E2B9600DD003ECB20 /* Release */ = {
			isa = XCBuildConfiguration;
			buildSettings = {
				ALWAYS_EMBED_SWIFT_STANDARD_LIBRARIES = YES;
				BUNDLE_LOADER = "$(TEST_HOST)";
				CODE_SIGN_STYLE = Automatic;
				CURRENT_PROJECT_VERSION = 1;
				DEVELOPMENT_TEAM = KW2RQ4R6VJ;
				GENERATE_INFOPLIST_FILE = YES;
				IPHONEOS_DEPLOYMENT_TARGET = 17.2;
				MARKETING_VERSION = 1.0;
				PRODUCT_BUNDLE_IDENTIFIER = dev24.shopyTests;
				PRODUCT_NAME = "$(TARGET_NAME)";
				SWIFT_EMIT_LOC_STRINGS = NO;
				SWIFT_VERSION = 5.0;
				TARGETED_DEVICE_FAMILY = "1,2";
				TEST_HOST = "$(BUILT_PRODUCTS_DIR)/shopy.app/$(BUNDLE_EXECUTABLE_FOLDER_PATH)/shopy";
			};
			name = Release;
		};
		B327F6802B9600DD003ECB20 /* Debug */ = {
			isa = XCBuildConfiguration;
			buildSettings = {
				ALWAYS_EMBED_SWIFT_STANDARD_LIBRARIES = YES;
				CODE_SIGN_STYLE = Automatic;
				CURRENT_PROJECT_VERSION = 1;
				DEVELOPMENT_TEAM = KW2RQ4R6VJ;
				GENERATE_INFOPLIST_FILE = YES;
				MARKETING_VERSION = 1.0;
				PRODUCT_BUNDLE_IDENTIFIER = dev24.shopyUITests;
				PRODUCT_NAME = "$(TARGET_NAME)";
				SWIFT_EMIT_LOC_STRINGS = NO;
				SWIFT_VERSION = 5.0;
				TARGETED_DEVICE_FAMILY = "1,2";
				TEST_TARGET_NAME = shopy;
			};
			name = Debug;
		};
		B327F6812B9600DD003ECB20 /* Release */ = {
			isa = XCBuildConfiguration;
			buildSettings = {
				ALWAYS_EMBED_SWIFT_STANDARD_LIBRARIES = YES;
				CODE_SIGN_STYLE = Automatic;
				CURRENT_PROJECT_VERSION = 1;
				DEVELOPMENT_TEAM = KW2RQ4R6VJ;
				GENERATE_INFOPLIST_FILE = YES;
				MARKETING_VERSION = 1.0;
				PRODUCT_BUNDLE_IDENTIFIER = dev24.shopyUITests;
				PRODUCT_NAME = "$(TARGET_NAME)";
				SWIFT_EMIT_LOC_STRINGS = NO;
				SWIFT_VERSION = 5.0;
				TARGETED_DEVICE_FAMILY = "1,2";
				TEST_TARGET_NAME = shopy;
			};
			name = Release;
		};
/* End XCBuildConfiguration section */

/* Begin XCConfigurationList section */
		B327F6502B9600DB003ECB20 /* Build configuration list for PBXProject "shopy" */ = {
			isa = XCConfigurationList;
			buildConfigurations = (
				B327F6772B9600DD003ECB20 /* Debug */,
				B327F6782B9600DD003ECB20 /* Release */,
			);
			defaultConfigurationIsVisible = 0;
			defaultConfigurationName = Release;
		};
		B327F6792B9600DD003ECB20 /* Build configuration list for PBXNativeTarget "shopy" */ = {
			isa = XCConfigurationList;
			buildConfigurations = (
				B327F67A2B9600DD003ECB20 /* Debug */,
				B327F67B2B9600DD003ECB20 /* Release */,
			);
			defaultConfigurationIsVisible = 0;
			defaultConfigurationName = Release;
		};
		B327F67C2B9600DD003ECB20 /* Build configuration list for PBXNativeTarget "shopyTests" */ = {
			isa = XCConfigurationList;
			buildConfigurations = (
				B327F67D2B9600DD003ECB20 /* Debug */,
				B327F67E2B9600DD003ECB20 /* Release */,
			);
			defaultConfigurationIsVisible = 0;
			defaultConfigurationName = Release;
		};
		B327F67F2B9600DD003ECB20 /* Build configuration list for PBXNativeTarget "shopyUITests" */ = {
			isa = XCConfigurationList;
			buildConfigurations = (
				B327F6802B9600DD003ECB20 /* Debug */,
				B327F6812B9600DD003ECB20 /* Release */,
			);
			defaultConfigurationIsVisible = 0;
			defaultConfigurationName = Release;
		};
/* End XCConfigurationList section */
	};
	rootObject = B327F64D2B9600DB003ECB20 /* Project object */;
}
